
Microsoft Visual Studio Solution File, Format Version 12.00
# Visual Studio Version 17
VisualStudioVersion = 17.14.36221.1 d17.14
MinimumVisualStudioVersion = 10.0.40219.1
Project("{FAE04EC0-301F-11D3-BF4B-00C04F79EFBC}") = "Sasan_UsingControlStructures", "Sasan_UsingControlStructures\Sasan_UsingControlStructures.csproj", "{20765654-4A3D-487F-8F71-B7734BBBBFFD}"
EndProject
Global
	GlobalSection(SolutionConfigurationPlatforms) = preSolution
		Debug|Any CPU = Debug|Any CPU
		Release|Any CPU = Release|Any CPU
	EndGlobalSection
	GlobalSection(ProjectConfigurationPlatforms) = postSolution
		{20765654-4A3D-487F-8F71-B7734BBBBFFD}.Debug|Any CPU.ActiveCfg = Debug|Any CPU
		{20765654-4A3D-487F-8F71-B7734BBBBFFD}.Debug|Any CPU.Build.0 = Debug|Any CPU
		{20765654-4A3D-487F-8F71-B7734BBBBFFD}.Release|Any CPU.ActiveCfg = Release|Any CPU
		{20765654-4A3D-487F-8F71-B7734BBBBFFD}.Release|Any CPU.Build.0 = Release|Any CPU
	EndGlobalSection
	GlobalSection(SolutionProperties) = preSolution
		HideSolutionNode = FALSE
	EndGlobalSection
	GlobalSection(ExtensibilityGlobals) = postSolution
		SolutionGuid = {845A6C5E-E28B-4A12-AD6A-27A7C32D3FA2}
	EndGlobalSection
EndGlobal
